// !$*UTF8*$!
{
	archiveVersion = 1;
	classes = {
	};
	objectVersion = 46;
	objects = {

/* Begin PBXBuildFile section */
		85699C251DC7ED15005E415F /* AppDelegate.swift in Sources */ = {isa = PBXBuildFile; fileRef = 85699C241DC7ED15005E415F /* AppDelegate.swift */; };
		85699C271DC7ED15005E415F /* ViewController.swift in Sources */ = {isa = PBXBuildFile; fileRef = 85699C261DC7ED15005E415F /* ViewController.swift */; };
		85699C2A1DC7ED15005E415F /* Main.storyboard in Resources */ = {isa = PBXBuildFile; fileRef = 85699C281DC7ED15005E415F /* Main.storyboard */; };
		85699C2C1DC7ED15005E415F /* Assets.xcassets in Resources */ = {isa = PBXBuildFile; fileRef = 85699C2B1DC7ED15005E415F /* Assets.xcassets */; };
		85699C2F1DC7ED15005E415F /* LaunchScreen.storyboard in Resources */ = {isa = PBXBuildFile; fileRef = 85699C2D1DC7ED15005E415F /* LaunchScreen.storyboard */; };
/* End PBXBuildFile section */

/* Begin PBXFileReference section */
		85699C211DC7ED15005E415F /* myTwitterApp.app */ = {isa = PBXFileReference; explicitFileType = wrapper.application; includeInIndex = 0; path = myTwitterApp.app; sourceTree = BUILT_PRODUCTS_DIR; };
		85699C241DC7ED15005E415F /* AppDelegate.swift */ = {isa = PBXFileReference; lastKnownFileType = sourcecode.swift; path = AppDelegate.swift; sourceTree = "<group>"; };
		85699C261DC7ED15005E415F /* ViewController.swift */ = {isa = PBXFileReference; lastKnownFileType = sourcecode.swift; path = ViewController.swift; sourceTree = "<group>"; };
		85699C291DC7ED15005E415F /* Base */ = {isa = PBXFileReference; lastKnownFileType = file.storyboard; name = Base; path = Base.lproj/Main.storyboard; sourceTree = "<group>"; };
		85699C2B1DC7ED15005E415F /* Assets.xcassets */ = {isa = PBXFileReference; lastKnownFileType = folder.assetcatalog; path = Assets.xcassets; sourceTree = "<group>"; };
		85699C2E1DC7ED15005E415F /* Base */ = {isa = PBXFileReference; lastKnownFileType = file.storyboard; name = Base; path = Base.lproj/LaunchScreen.storyboard; sourceTree = "<group>"; };
		85699C301DC7ED15005E415F /* Info.plist */ = {isa = PBXFileReference; lastKnownFileType = text.plist.xml; path = Info.plist; sourceTree = "<group>"; };
/* End PBXFileReference section */

/* Begin PBXFrameworksBuildPhase section */
		85699C1E1DC7ED15005E415F /* Frameworks */ = {
			isa = PBXFrameworksBuildPhase;
			buildActionMask = 2147483647;
			files = (
			);
			runOnlyForDeploymentPostprocessing = 0;
		};
/* End PBXFrameworksBuildPhase section */

/* Begin PBXGroup section */
		85699C181DC7ED15005E415F = {
			isa = PBXGroup;
			children = (
				85699C231DC7ED15005E415F /* myTwitterApp */,
				85699C221DC7ED15005E415F /* Products */,
			);
			sourceTree = "<group>";
		};
		85699C221DC7ED15005E415F /* Products */ = {
			isa = PBXGroup;
			children = (
				85699C211DC7ED15005E415F /* myTwitterApp.app */,
			);
			name = Products;
			sourceTree = "<group>";
		};
		85699C231DC7ED15005E415F /* myTwitterApp */ = {
			isa = PBXGroup;
			children = (
				85699C241DC7ED15005E415F /* AppDelegate.swift */,
				85699C261DC7ED15005E415F /* ViewController.swift */,
				85699C281DC7ED15005E415F /* Main.storyboard */,
				85699C2B1DC7ED15005E415F /* Assets.xcassets */,
				85699C2D1DC7ED15005E415F /* LaunchScreen.storyboard */,
				85699C301DC7ED15005E415F /* Info.plist */,
			);
			path = myTwitterApp;
			sourceTree = "<group>";
		};
/* End PBXGroup section */

/* Begin PBXNativeTarget section */
		85699C201DC7ED15005E415F /* myTwitterApp */ = {
			isa = PBXNativeTarget;
			buildConfigurationList = 85699C331DC7ED15005E415F /* Build configuration list for PBXNativeTarget "myTwitterApp" */;
			buildPhases = (
				85699C1D1DC7ED15005E415F /* Sources */,
				85699C1E1DC7ED15005E415F /* Frameworks */,
				85699C1F1DC7ED15005E415F /* Resources */,
			);
			buildRules = (
			);
			dependencies = (
			);
			name = myTwitterApp;
			productName = myTwitterApp;
			productReference = 85699C211DC7ED15005E415F /* myTwitterApp.app */;
			productType = "com.apple.product-type.application";
		};
/* End PBXNativeTarget section */

/* Begin PBXProject section */
		85699C191DC7ED15005E415F /* Project object */ = {
			isa = PBXProject;
			attributes = {
				LastSwiftUpdateCheck = 0800;
				LastUpgradeCheck = 0800;
				ORGANIZATIONNAME = "Harsh Trivedi";
				TargetAttributes = {
					85699C201DC7ED15005E415F = {
						CreatedOnToolsVersion = 8.0;
						ProvisioningStyle = Automatic;
					};
				};
			};
			buildConfigurationList = 85699C1C1DC7ED15005E415F /* Build configuration list for PBXProject "myTwitterApp" */;
			compatibilityVersion = "Xcode 3.2";
			developmentRegion = English;
			hasScannedForEncodings = 0;
			knownRegions = (
				en,
				Base,
			);
			mainGroup = 85699C181DC7ED15005E415F;
			productRefGroup = 85699C221DC7ED15005E415F /* Products */;
			projectDirPath = "";
			projectRoot = "";
			targets = (
				85699C201DC7ED15005E415F /* myTwitterApp */,
			);
		};
/* End PBXProject section */

/* Begin PBXResourcesBuildPhase section */
		85699C1F1DC7ED15005E415F /* Resources */ = {
			isa = PBXResourcesBuildPhase;
			buildActionMask = 2147483647;
			files = (
				85699C2F1DC7ED15005E415F /* LaunchScreen.storyboard in Resources */,
				85699C2C1DC7ED15005E415F /* Assets.xcassets in Resources */,
				85699C2A1DC7ED15005E415F /* Main.storyboard in Resources */,
			);
			runOnlyForDeploymentPostprocessing = 0;
		};
/* End PBXResourcesBuildPhase section */

/* Begin PBXSourcesBuildPhase section */
		85699C1D1DC7ED15005E415F /* Sources */ = {
			isa = PBXSourcesBuildPhase;
			buildActionMask = 2147483647;
			files = (
				85699C271DC7ED15005E415F /* ViewController.swift in Sources */,
				85699C251DC7ED15005E415F /* AppDelegate.swift in Sources */,
			);
			runOnlyForDeploymentPostprocessing = 0;
		};
/* End PBXSourcesBuildPhase section */

/* Begin PBXVariantGroup section */
		85699C281DC7ED15005E415F /* Main.storyboard */ = {
			isa = PBXVariantGroup;
			children = (
				85699C291DC7ED15005E415F /* Base */,
			);
			name = Main.storyboard;
			sourceTree = "<group>";
		};
		85699C2D1DC7ED15005E415F /* LaunchScreen.storyboard */ = {
			isa = PBXVariantGroup;
			children = (
				85699C2E1DC7ED15005E415F /* Base */,
			);
			name = LaunchScreen.storyboard;
			sourceTree = "<group>";
		};
/* End PBXVariantGroup section */

/* Begin XCBuildConfiguration section */
		85699C311DC7ED15005E415F /* Debug */ = {
			isa = XCBuildConfiguration;
			buildSettings = {
				ALWAYS_SEARCH_USER_PATHS = NO;
				CLANG_ANALYZER_NONNULL = YES;
				CLANG_CXX_LANGUAGE_STANDARD = "gnu++0x";
				CLANG_CXX_LIBRARY = "libc++";
				CLANG_ENABLE_MODULES = YES;
				CLANG_ENABLE_OBJC_ARC = YES;
				CLANG_WARN_BOOL_CONVERSION = YES;
				CLANG_WARN_CONSTANT_CONVERSION = YES;
				CLANG_WARN_DIRECT_OBJC_ISA_USAGE = YES_ERROR;
				CLANG_WARN_DOCUMENTATION_COMMENTS = YES;
				CLANG_WARN_EMPTY_BODY = YES;
				CLANG_WARN_ENUM_CONVERSION = YES;
				CLANG_WARN_INFINITE_RECURSION = YES;
				CLANG_WARN_INT_CONVERSION = YES;
				CLANG_WARN_OBJC_ROOT_CLASS = YES_ERROR;
				CLANG_WARN_SUSPICIOUS_MOVES = YES;
				CLANG_WARN_UNREACHABLE_CODE = YES;
				CLANG_WARN__DUPLICATE_METHOD_MATCH = YES;
				"CODE_SIGN_IDENTITY[sdk=iphoneos*]" = "iPhone Developer";
				COPY_PHASE_STRIP = NO;
				DEBUG_INFORMATION_FORMAT = dwarf;
				ENABLE_STRICT_OBJC_MSGSEND = YES;
				ENABLE_TESTABILITY = YES;
				GCC_C_LANGUAGE_STANDARD = gnu99;
				GCC_DYNAMIC_NO_PIC = NO;
				GCC_NO_COMMON_BLOCKS = YES;
				GCC_OPTIMIZATION_LEVEL = 0;
				GCC_PREPROCESSOR_DEFINITIONS = (
					"DEBUG=1",
					"$(inherited)",
				);
				GCC_WARN_64_TO_32_BIT_CONVERSION = YES;
				GCC_WARN_ABOUT_RETURN_TYPE = YES_ERROR;
				GCC_WARN_UNDECLARED_SELECTOR = YES;
				GCC_WARN_UNINITIALIZED_AUTOS = YES_AGGRESSIVE;
				GCC_WARN_UNUSED_FUNCTION = YES;
				GCC_WARN_UNUSED_VARIABLE = YES;
				IPHONEOS_DEPLOYMENT_TARGET = 10.0;
				MTL_ENABLE_DEBUG_INFO = YES;
				ONLY_ACTIVE_ARCH = YES;
				SDKROOT = iphoneos;
				SWIFT_ACTIVE_COMPILATION_CONDITIONS = DEBUG;
				SWIFT_OPTIMIZATION_LEVEL = "-Onone";
				TARGETED_DEVICE_FAMILY = "1,2";
			};
			name = Debug;
		};
		85699C321DC7ED15005E415F /* Release */ = {
			isa = XCBuildConfiguration;
			buildSettings = {
				ALWAYS_SEARCH_USER_PATHS = NO;
				CLANG_ANALYZER_NONNULL = YES;
				CLANG_CXX_LANGUAGE_STANDARD = "gnu++0x";
				CLANG_CXX_LIBRARY = "libc++";
				CLANG_ENABLE_MODULES = YES;
				CLANG_ENABLE_OBJC_ARC = YES;
				CLANG_WARN_BOOL_CONVERSION = YES;
				CLANG_WARN_CONSTANT_CONVERSION = YES;
				CLANG_WARN_DIRECT_OBJC_ISA_USAGE = YES_ERROR;
				CLANG_WARN_DOCUMENTATION_COMMENTS = YES;
				CLANG_WARN_EMPTY_BODY = YES;
				CLANG_WARN_ENUM_CONVERSION = YES;
				CLANG_WARN_INFINITE_RECURSION = YES;
				CLANG_WARN_INT_CONVERSION = YES;
				CLANG_WARN_OBJC_ROOT_CLASS = YES_ERROR;
				CLANG_WARN_SUSPICIOUS_MOVES = YES;
				CLANG_WARN_UNREACHABLE_CODE = YES;
				CLANG_WARN__DUPLICATE_METHOD_MATCH = YES;
				"CODE_SIGN_IDENTITY[sdk=iphoneos*]" = "iPhone Developer";
				COPY_PHASE_STRIP = NO;
				DEBUG_INFORMATION_FORMAT = "dwarf-with-dsym";
				ENABLE_NS_ASSERTIONS = NO;
				ENABLE_STRICT_OBJC_MSGSEND = YES;
				GCC_C_LANGUAGE_STANDARD = gnu99;
				GCC_NO_COMMON_BLOCKS = YES;
				GCC_WARN_64_TO_32_BIT_CONVERSION = YES;
				GCC_WARN_ABOUT_RETURN_TYPE = YES_ERROR;
				GCC_WARN_UNDECLARED_SELECTOR = YES;
				GCC_WARN_UNINITIALIZED_AUTOS = YES_AGGRESSIVE;
				GCC_WARN_UNUSED_FUNCTION = YES;
				GCC_WARN_UNUSED_VARIABLE = YES;
				IPHONEOS_DEPLOYMENT_TARGET = 10.0;
				MTL_ENABLE_DEBUG_INFO = NO;
				SDKROOT = iphoneos;
				SWIFT_OPTIMIZATION_LEVEL = "-Owholemodule";
				TARGETED_DEVICE_FAMILY = "1,2";
				VALIDATE_PRODUCT = YES;
			};
			name = Release;
		};
		85699C341DC7ED15005E415F /* Debug */ = {
			isa = XCBuildConfiguration;
			buildSettings = {
				ASSETCATALOG_COMPILER_APPICON_NAME = AppIcon;
				INFOPLIST_FILE = myTwitterApp/Info.plist;
				LD_RUNPATH_SEARCH_PATHS = "$(inherited) @executable_path/Frameworks";
				PRODUCT_BUNDLE_IDENTIFIER = com.harshsproject.myTwitterApp;
				PRODUCT_NAME = "$(TARGET_NAME)";
				SWIFT_VERSION = 3.0;
			};
			name = Debug;
		};
		85699C351DC7ED15005E415F /* Release */ = {
			isa = XCBuildConfiguration;
			buildSettings = {
				ASSETCATALOG_COMPILER_APPICON_NAME = AppIcon;
				INFOPLIST_FILE = myTwitterApp/Info.plist;
				LD_RUNPATH_SEARCH_PATHS = "$(inherited) @executable_path/Frameworks";
				PRODUCT_BUNDLE_IDENTIFIER = com.harshsproject.myTwitterApp;
				PRODUCT_NAME = "$(TARGET_NAME)";
				SWIFT_VERSION = 3.0;
			};
			name = Release;
		};
/* End XCBuildConfiguration section */

/* Begin XCConfigurationList section */
		85699C1C1DC7ED15005E415F /* Build configuration list for PBXProject "myTwitterApp" */ = {
			isa = XCConfigurationList;
			buildConfigurations = (
				85699C311DC7ED15005E415F /* Debug */,
				85699C321DC7ED15005E415F /* Release */,
			);
			defaultConfigurationIsVisible = 0;
			defaultConfigurationName = Release;
		};
		85699C331DC7ED15005E415F /* Build configuration list for PBXNativeTarget "myTwitterApp" */ = {
			isa = XCConfigurationList;
			buildConfigurations = (
				85699C341DC7ED15005E415F /* Debug */,
				85699C351DC7ED15005E415F /* Release */,
			);
			defaultConfigurationIsVisible = 0;
		};
/* End XCConfigurationList section */
	};
	rootObject = 85699C191DC7ED15005E415F /* Project object */;
}
